{
  "nodes": {
    "emacs-overlay": {
      "locked": {
        "lastModified": 1642963478,
        "narHash": "sha256-nN5i4FLzReTPeCZKY1LdIWrnc5mlY0o5rpRsF7ljc04=",
        "owner": "nix-community",
        "repo": "emacs-overlay",
        "rev": "4dab9845b372f4cc335a6009b0766c5165ef7c93",
        "type": "github"
      },
      "original": {
        "owner": "nix-community",
        "repo": "emacs-overlay",
        "type": "github"
      }
    },
    "home-manager": {
      "inputs": {
        "nixpkgs": [
          "nixpkgs"
        ]
      },
      "locked": {
        "lastModified": 1645140957,
        "narHash": "sha256-WTJzLSCDLBI537o2L/3kRyqEV5YRT7+1QSGryeKReHE=",
        "owner": "nix-community",
        "repo": "home-manager",
        "rev": "4f4165a8b9108818ab0193bbd1a252106870b2a2",
        "type": "github"
      },
      "original": {
        "owner": "nix-community",
        "ref": "master",
        "repo": "home-manager",
        "type": "github"
      }
    },
    "nixpkgs": {
      "locked": {
        "lastModified": 1644525281,
        "narHash": "sha256-D3VuWLdnLmAXIkooWAtbTGSQI9Fc1lkvAr94wTxhnTU=",
        "owner": "NixOS",
        "repo": "nixpkgs",
        "rev": "48d63e924a2666baf37f4f14a18f19347fbd54a2",
        "type": "github"
      },
      "original": {
        "id": "nixpkgs",
        "ref": "nixos-unstable",
        "type": "indirect"
      }
    },
    "root": {
      "inputs": {
        "emacs-overlay": "emacs-overlay",
        "home-manager": "home-manager",
        "nixpkgs": "nixpkgs"
      }
    }
  },
  "root": "root",
  "version": 7
}
